
Microsoft Visual Studio Solution File, Format Version 12.00
# Visual Studio Version 16
VisualStudioVersion = 16.0.33529.622
MinimumVisualStudioVersion = 10.0.40219.1
Project("{FAE04EC0-301F-11D3-BF4B-00C04F79EFBC}") = "HolaMundo_MVC_1173901", "HolaMundo_MVC_1173901.csproj", "{0AA4FB4D-FD55-4AC3-AC10-70EB8FC889CC}"
EndProject
Global
	GlobalSection(SolutionConfigurationPlatforms) = preSolution
		Debug|Any CPU = Debug|Any CPU
		Release|Any CPU = Release|Any CPU
	EndGlobalSection
	GlobalSection(ProjectConfigurationPlatforms) = postSolution
		{0AA4FB4D-FD55-4AC3-AC10-70EB8FC889CC}.Debug|Any CPU.ActiveCfg = Debug|Any CPU
		{0AA4FB4D-FD55-4AC3-AC10-70EB8FC889CC}.Debug|Any CPU.Build.0 = Debug|Any CPU
		{0AA4FB4D-FD55-4AC3-AC10-70EB8FC889CC}.Release|Any CPU.ActiveCfg = Release|Any CPU
		{0AA4FB4D-FD55-4AC3-AC10-70EB8FC889CC}.Release|Any CPU.Build.0 = Release|Any CPU
	EndGlobalSection
	GlobalSection(SolutionProperties) = preSolution
		HideSolutionNode = FALSE
	EndGlobalSection
	GlobalSection(ExtensibilityGlobals) = postSolution
		SolutionGuid = {C99B44F3-9381-428D-8602-D3E29ABD46B9}
	EndGlobalSection
EndGlobal
